// !$*UTF8*$!
{
	archiveVersion = 1;
	classes = {
	};
	objectVersion = 77;
	objects = {

/* Begin PBXBuildFile section */
		532968212D28F8CB005ACCFE /* Camera-Phone01-1.mp3 in Resources */ = {isa = PBXBuildFile; fileRef = 532968202D28F8CB005ACCFE /* Camera-Phone01-1.mp3 */; };
		5366CCCC2D114612003EE081 /* CropViewController in Frameworks */ = {isa = PBXBuildFile; productRef = 5366CCCB2D114612003EE081 /* CropViewController */; };
		5366CCCE2D114612003EE081 /* TOCropViewController in Frameworks */ = {isa = PBXBuildFile; productRef = 5366CCCD2D114612003EE081 /* TOCropViewController */; };
/* End PBXBuildFile section */

/* Begin PBXContainerItemProxy section */
		53F793032CDA36E900EE2C5D /* PBXContainerItemProxy */ = {
			isa = PBXContainerItemProxy;
			containerPortal = 53F792EA2CDA36E700EE2C5D /* Project object */;
			proxyType = 1;
			remoteGlobalIDString = 53F792F12CDA36E700EE2C5D;
			remoteInfo = PastelCamera;
		};
		53F7930D2CDA36E900EE2C5D /* PBXContainerItemProxy */ = {
			isa = PBXContainerItemProxy;
			containerPortal = 53F792EA2CDA36E700EE2C5D /* Project object */;
			proxyType = 1;
			remoteGlobalIDString = 53F792F12CDA36E700EE2C5D;
			remoteInfo = PastelCamera;
		};
/* End PBXContainerItemProxy section */

/* Begin PBXFileReference section */
		532968202D28F8CB005ACCFE /* Camera-Phone01-1.mp3 */ = {isa = PBXFileReference; lastKnownFileType = audio.mp3; path = "Camera-Phone01-1.mp3"; sourceTree = "<group>"; };
		53F792F22CDA36E700EE2C5D /* PastelCamera.app */ = {isa = PBXFileReference; explicitFileType = wrapper.application; includeInIndex = 0; path = PastelCamera.app; sourceTree = BUILT_PRODUCTS_DIR; };
		53F793022CDA36E900EE2C5D /* PastelCameraTests.xctest */ = {isa = PBXFileReference; explicitFileType = wrapper.cfbundle; includeInIndex = 0; path = PastelCameraTests.xctest; sourceTree = BUILT_PRODUCTS_DIR; };
		53F7930C2CDA36E900EE2C5D /* PastelCameraUITests.xctest */ = {isa = PBXFileReference; explicitFileType = wrapper.cfbundle; includeInIndex = 0; path = PastelCameraUITests.xctest; sourceTree = BUILT_PRODUCTS_DIR; };
/* End PBXFileReference section */

/* Begin PBXFileSystemSynchronizedBuildFileExceptionSet section */
		53F793312CDA392D00EE2C5D /* Exceptions for "Icons" folder in "PastelCamera" target */ = {
			isa = PBXFileSystemSynchronizedBuildFileExceptionSet;
			membershipExceptions = (
				Assets.xcassets,
				"Preview Assets.xcassets",
			);
			target = 53F792F12CDA36E700EE2C5D /* PastelCamera */;
		};
		53F793322CDA392D00EE2C5D /* Exceptions for "Icons" folder in "PastelCameraUITests" target */ = {
			isa = PBXFileSystemSynchronizedBuildFileExceptionSet;
			membershipExceptions = (
				Assets.xcassets,
				"Preview Assets.xcassets",
			);
			target = 53F7930B2CDA36E900EE2C5D /* PastelCameraUITests */;
		};
/* End PBXFileSystemSynchronizedBuildFileExceptionSet section */

/* Begin PBXFileSystemSynchronizedRootGroup section */
		53F792F42CDA36E700EE2C5D /* PastelCamera */ = {
			isa = PBXFileSystemSynchronizedRootGroup;
			path = PastelCamera;
			sourceTree = "<group>";
		};
		53F793052CDA36E900EE2C5D /* PastelCameraTests */ = {
			isa = PBXFileSystemSynchronizedRootGroup;
			path = PastelCameraTests;
			sourceTree = "<group>";
		};
		53F7930F2CDA36E900EE2C5D /* PastelCameraUITests */ = {
			isa = PBXFileSystemSynchronizedRootGroup;
			path = PastelCameraUITests;
			sourceTree = "<group>";
		};
		53F7932E2CDA392D00EE2C5D /* Icons */ = {
			isa = PBXFileSystemSynchronizedRootGroup;
			exceptions = (
				53F793312CDA392D00EE2C5D /* Exceptions for "Icons" folder in "PastelCamera" target */,
				53F793322CDA392D00EE2C5D /* Exceptions for "Icons" folder in "PastelCameraUITests" target */,
			);
			path = Icons;
			sourceTree = "<group>";
		};
/* End PBXFileSystemSynchronizedRootGroup section */

/* Begin PBXFrameworksBuildPhase section */
		53F792EF2CDA36E700EE2C5D /* Frameworks */ = {
			isa = PBXFrameworksBuildPhase;
			buildActionMask = 2147483647;
			files = (
				5366CCCE2D114612003EE081 /* TOCropViewController in Frameworks */,
				5366CCCC2D114612003EE081 /* CropViewController in Frameworks */,
			);
			runOnlyForDeploymentPostprocessing = 0;
		};
		53F792FF2CDA36E900EE2C5D /* Frameworks */ = {
			isa = PBXFrameworksBuildPhase;
			buildActionMask = 2147483647;
			files = (
			);
			runOnlyForDeploymentPostprocessing = 0;
		};
		53F793092CDA36E900EE2C5D /* Frameworks */ = {
			isa = PBXFrameworksBuildPhase;
			buildActionMask = 2147483647;
			files = (
			);
			runOnlyForDeploymentPostprocessing = 0;
		};
/* End PBXFrameworksBuildPhase section */

/* Begin PBXGroup section */
		53F792E92CDA36E700EE2C5D = {
			isa = PBXGroup;
			children = (
				532968202D28F8CB005ACCFE /* Camera-Phone01-1.mp3 */,
				53F792F42CDA36E700EE2C5D /* PastelCamera */,
				53F7932E2CDA392D00EE2C5D /* Icons */,
				53F793052CDA36E900EE2C5D /* PastelCameraTests */,
				53F7930F2CDA36E900EE2C5D /* PastelCameraUITests */,
				53F792F32CDA36E700EE2C5D /* Products */,
			);
			sourceTree = "<group>";
		};
		53F792F32CDA36E700EE2C5D /* Products */ = {
			isa = PBXGroup;
			children = (
				53F792F22CDA36E700EE2C5D /* PastelCamera.app */,
				53F793022CDA36E900EE2C5D /* PastelCameraTests.xctest */,
				53F7930C2CDA36E900EE2C5D /* PastelCameraUITests.xctest */,
			);
			name = Products;
			sourceTree = "<group>";
		};
/* End PBXGroup section */

/* Begin PBXNativeTarget section */
		53F792F12CDA36E700EE2C5D /* PastelCamera */ = {
			isa = PBXNativeTarget;
			buildConfigurationList = 53F793162CDA36E900EE2C5D /* Build configuration list for PBXNativeTarget "PastelCamera" */;
			buildPhases = (
				53F792EE2CDA36E700EE2C5D /* Sources */,
				53F792EF2CDA36E700EE2C5D /* Frameworks */,
				53F792F02CDA36E700EE2C5D /* Resources */,
			);
			buildRules = (
			);
			dependencies = (
			);
			fileSystemSynchronizedGroups = (
				53F792F42CDA36E700EE2C5D /* PastelCamera */,
			);
			name = PastelCamera;
			packageProductDependencies = (
				5366CCCB2D114612003EE081 /* CropViewController */,
				5366CCCD2D114612003EE081 /* TOCropViewController */,
			);
			productName = PastelCamera;
			productReference = 53F792F22CDA36E700EE2C5D /* PastelCamera.app */;
			productType = "com.apple.product-type.application";
		};
		53F793012CDA36E900EE2C5D /* PastelCameraTests */ = {
			isa = PBXNativeTarget;
			buildConfigurationList = 53F793192CDA36E900EE2C5D /* Build configuration list for PBXNativeTarget "PastelCameraTests" */;
			buildPhases = (
				53F792FE2CDA36E900EE2C5D /* Sources */,
				53F792FF2CDA36E900EE2C5D /* Frameworks */,
				53F793002CDA36E900EE2C5D /* Resources */,
			);
			buildRules = (
			);
			dependencies = (
				53F793042CDA36E900EE2C5D /* PBXTargetDependency */,
			);
			fileSystemSynchronizedGroups = (
				53F793052CDA36E900EE2C5D /* PastelCameraTests */,
			);
			name = PastelCameraTests;
			packageProductDependencies = (
			);
			productName = PastelCameraTests;
			productReference = 53F793022CDA36E900EE2C5D /* PastelCameraTests.xctest */;
			productType = "com.apple.product-type.bundle.unit-test";
		};
		53F7930B2CDA36E900EE2C5D /* PastelCameraUITests */ = {
			isa = PBXNativeTarget;
			buildConfigurationList = 53F7931C2CDA36E900EE2C5D /* Build configuration list for PBXNativeTarget "PastelCameraUITests" */;
			buildPhases = (
				53F793082CDA36E900EE2C5D /* Sources */,
				53F793092CDA36E900EE2C5D /* Frameworks */,
				53F7930A2CDA36E900EE2C5D /* Resources */,
			);
			buildRules = (
			);
			dependencies = (
				53F7930E2CDA36E900EE2C5D /* PBXTargetDependency */,
			);
			fileSystemSynchronizedGroups = (
				53F7930F2CDA36E900EE2C5D /* PastelCameraUITests */,
				53F7932E2CDA392D00EE2C5D /* Icons */,
			);
			name = PastelCameraUITests;
			packageProductDependencies = (
			);
			productName = PastelCameraUITests;
			productReference = 53F7930C2CDA36E900EE2C5D /* PastelCameraUITests.xctest */;
			productType = "com.apple.product-type.bundle.ui-testing";
		};
/* End PBXNativeTarget section */

/* Begin PBXProject section */
		53F792EA2CDA36E700EE2C5D /* Project object */ = {
			isa = PBXProject;
			attributes = {
				BuildIndependentTargetsInParallel = 1;
				LastSwiftUpdateCheck = 1600;
				LastUpgradeCheck = 1600;
				TargetAttributes = {
					53F792F12CDA36E700EE2C5D = {
						CreatedOnToolsVersion = 16.0;
					};
					53F793012CDA36E900EE2C5D = {
						CreatedOnToolsVersion = 16.0;
						TestTargetID = 53F792F12CDA36E700EE2C5D;
					};
					53F7930B2CDA36E900EE2C5D = {
						CreatedOnToolsVersion = 16.0;
						TestTargetID = 53F792F12CDA36E700EE2C5D;
					};
				};
			};
			buildConfigurationList = 53F792ED2CDA36E700EE2C5D /* Build configuration list for PBXProject "PastelCamera" */;
			developmentRegion = en;
			hasScannedForEncodings = 0;
			knownRegions = (
				en,
				Base,
			);
			mainGroup = 53F792E92CDA36E700EE2C5D;
			minimizedProjectReferenceProxies = 1;
			packageReferences = (
				5366CCCA2D114612003EE081 /* XCRemoteSwiftPackageReference "TOCropViewController" */,
			);
			preferredProjectObjectVersion = 77;
			productRefGroup = 53F792F32CDA36E700EE2C5D /* Products */;
			projectDirPath = "";
			projectRoot = "";
			targets = (
				53F792F12CDA36E700EE2C5D /* PastelCamera */,
				53F793012CDA36E900EE2C5D /* PastelCameraTests */,
				53F7930B2CDA36E900EE2C5D /* PastelCameraUITests */,
			);
		};
/* End PBXProject section */

/* Begin PBXResourcesBuildPhase section */
		53F792F02CDA36E700EE2C5D /* Resources */ = {
			isa = PBXResourcesBuildPhase;
			buildActionMask = 2147483647;
			files = (
				532968212D28F8CB005ACCFE /* Camera-Phone01-1.mp3 in Resources */,
			);
			runOnlyForDeploymentPostprocessing = 0;
		};
		53F793002CDA36E900EE2C5D /* Resources */ = {
			isa = PBXResourcesBuildPhase;
			buildActionMask = 2147483647;
			files = (
			);
			runOnlyForDeploymentPostprocessing = 0;
		};
		53F7930A2CDA36E900EE2C5D /* Resources */ = {
			isa = PBXResourcesBuildPhase;
			buildActionMask = 2147483647;
			files = (
			);
			runOnlyForDeploymentPostprocessing = 0;
		};
/* End PBXResourcesBuildPhase section */

/* Begin PBXSourcesBuildPhase section */
		53F792EE2CDA36E700EE2C5D /* Sources */ = {
			isa = PBXSourcesBuildPhase;
			buildActionMask = 2147483647;
			files = (
			);
			runOnlyForDeploymentPostprocessing = 0;
		};
		53F792FE2CDA36E900EE2C5D /* Sources */ = {
			isa = PBXSourcesBuildPhase;
			buildActionMask = 2147483647;
			files = (
			);
			runOnlyForDeploymentPostprocessing = 0;
		};
		53F793082CDA36E900EE2C5D /* Sources */ = {
			isa = PBXSourcesBuildPhase;
			buildActionMask = 2147483647;
			files = (
			);
			runOnlyForDeploymentPostprocessing = 0;
		};
/* End PBXSourcesBuildPhase section */

/* Begin PBXTargetDependency section */
		53F793042CDA36E900EE2C5D /* PBXTargetDependency */ = {
			isa = PBXTargetDependency;
			target = 53F792F12CDA36E700EE2C5D /* PastelCamera */;
			targetProxy = 53F793032CDA36E900EE2C5D /* PBXContainerItemProxy */;
		};
		53F7930E2CDA36E900EE2C5D /* PBXTargetDependency */ = {
			isa = PBXTargetDependency;
			target = 53F792F12CDA36E700EE2C5D /* PastelCamera */;
			targetProxy = 53F7930D2CDA36E900EE2C5D /* PBXContainerItemProxy */;
		};
/* End PBXTargetDependency section */

/* Begin XCBuildConfiguration section */
		53F793142CDA36E900EE2C5D /* Debug */ = {
			isa = XCBuildConfiguration;
			buildSettings = {
				ALWAYS_SEARCH_USER_PATHS = NO;
				ASSETCATALOG_COMPILER_GENERATE_SWIFT_ASSET_SYMBOL_EXTENSIONS = YES;
				CLANG_ANALYZER_NONNULL = YES;
				CLANG_ANALYZER_NUMBER_OBJECT_CONVERSION = YES_AGGRESSIVE;
				CLANG_CXX_LANGUAGE_STANDARD = "gnu++20";
				CLANG_ENABLE_MODULES = YES;
				CLANG_ENABLE_OBJC_ARC = YES;
				CLANG_ENABLE_OBJC_WEAK = YES;
				CLANG_WARN_BLOCK_CAPTURE_AUTORELEASING = YES;
				CLANG_WARN_BOOL_CONVERSION = YES;
				CLANG_WARN_COMMA = YES;
				CLANG_WARN_CONSTANT_CONVERSION = YES;
				CLANG_WARN_DEPRECATED_OBJC_IMPLEMENTATIONS = YES;
				CLANG_WARN_DIRECT_OBJC_ISA_USAGE = YES_ERROR;
				CLANG_WARN_DOCUMENTATION_COMMENTS = YES;
				CLANG_WARN_EMPTY_BODY = YES;
				CLANG_WARN_ENUM_CONVERSION = YES;
				CLANG_WARN_INFINITE_RECURSION = YES;
				CLANG_WARN_INT_CONVERSION = YES;
				CLANG_WARN_NON_LITERAL_NULL_CONVERSION = YES;
				CLANG_WARN_OBJC_IMPLICIT_RETAIN_SELF = YES;
				CLANG_WARN_OBJC_LITERAL_CONVERSION = YES;
				CLANG_WARN_OBJC_ROOT_CLASS = YES_ERROR;
				CLANG_WARN_QUOTED_INCLUDE_IN_FRAMEWORK_HEADER = YES;
				CLANG_WARN_RANGE_LOOP_ANALYSIS = YES;
				CLANG_WARN_STRICT_PROTOTYPES = YES;
				CLANG_WARN_SUSPICIOUS_MOVE = YES;
				CLANG_WARN_UNGUARDED_AVAILABILITY = YES_AGGRESSIVE;
				CLANG_WARN_UNREACHABLE_CODE = YES;
				CLANG_WARN__DUPLICATE_METHOD_MATCH = YES;
				COPY_PHASE_STRIP = NO;
				DEBUG_INFORMATION_FORMAT = dwarf;
				ENABLE_STRICT_OBJC_MSGSEND = YES;
				ENABLE_TESTABILITY = YES;
				ENABLE_USER_SCRIPT_SANDBOXING = YES;
				GCC_C_LANGUAGE_STANDARD = gnu17;
				GCC_DYNAMIC_NO_PIC = NO;
				GCC_NO_COMMON_BLOCKS = YES;
				GCC_OPTIMIZATION_LEVEL = 0;
				GCC_PREPROCESSOR_DEFINITIONS = (
					"DEBUG=1",
					"$(inherited)",
				);
				GCC_WARN_64_TO_32_BIT_CONVERSION = YES;
				GCC_WARN_ABOUT_RETURN_TYPE = YES_ERROR;
				GCC_WARN_UNDECLARED_SELECTOR = YES;
				GCC_WARN_UNINITIALIZED_AUTOS = YES_AGGRESSIVE;
				GCC_WARN_UNUSED_FUNCTION = YES;
				GCC_WARN_UNUSED_VARIABLE = YES;
				IPHONEOS_DEPLOYMENT_TARGET = 18.0;
				LOCALIZATION_PREFERS_STRING_CATALOGS = YES;
				MTL_ENABLE_DEBUG_INFO = INCLUDE_SOURCE;
				MTL_FAST_MATH = YES;
				ONLY_ACTIVE_ARCH = YES;
				SDKROOT = iphoneos;
				SWIFT_ACTIVE_COMPILATION_CONDITIONS = "DEBUG $(inherited)";
				SWIFT_OPTIMIZATION_LEVEL = "-Onone";
			};
			name = Debug;
		};
		53F793152CDA36E900EE2C5D /* Release */ = {
			isa = XCBuildConfiguration;
			buildSettings = {
				ALWAYS_SEARCH_USER_PATHS = NO;
				ASSETCATALOG_COMPILER_GENERATE_SWIFT_ASSET_SYMBOL_EXTENSIONS = YES;
				CLANG_ANALYZER_NONNULL = YES;
				CLANG_ANALYZER_NUMBER_OBJECT_CONVERSION = YES_AGGRESSIVE;
				CLANG_CXX_LANGUAGE_STANDARD = "gnu++20";
				CLANG_ENABLE_MODULES = YES;
				CLANG_ENABLE_OBJC_ARC = YES;
				CLANG_ENABLE_OBJC_WEAK = YES;
				CLANG_WARN_BLOCK_CAPTURE_AUTORELEASING = YES;
				CLANG_WARN_BOOL_CONVERSION = YES;
				CLANG_WARN_COMMA = YES;
				CLANG_WARN_CONSTANT_CONVERSION = YES;
				CLANG_WARN_DEPRECATED_OBJC_IMPLEMENTATIONS = YES;
				CLANG_WARN_DIRECT_OBJC_ISA_USAGE = YES_ERROR;
				CLANG_WARN_DOCUMENTATION_COMMENTS = YES;
				CLANG_WARN_EMPTY_BODY = YES;
				CLANG_WARN_ENUM_CONVERSION = YES;
				CLANG_WARN_INFINITE_RECURSION = YES;
				CLANG_WARN_INT_CONVERSION = YES;
				CLANG_WARN_NON_LITERAL_NULL_CONVERSION = YES;
				CLANG_WARN_OBJC_IMPLICIT_RETAIN_SELF = YES;
				CLANG_WARN_OBJC_LITERAL_CONVERSION = YES;
				CLANG_WARN_OBJC_ROOT_CLASS = YES_ERROR;
				CLANG_WARN_QUOTED_INCLUDE_IN_FRAMEWORK_HEADER = YES;
				CLANG_WARN_RANGE_LOOP_ANALYSIS = YES;
				CLANG_WARN_STRICT_PROTOTYPES = YES;
				CLANG_WARN_SUSPICIOUS_MOVE = YES;
				CLANG_WARN_UNGUARDED_AVAILABILITY = YES_AGGRESSIVE;
				CLANG_WARN_UNREACHABLE_CODE = YES;
				CLANG_WARN__DUPLICATE_METHOD_MATCH = YES;
				COPY_PHASE_STRIP = NO;
				DEBUG_INFORMATION_FORMAT = "dwarf-with-dsym";
				ENABLE_NS_ASSERTIONS = NO;
				ENABLE_STRICT_OBJC_MSGSEND = YES;
				ENABLE_USER_SCRIPT_SANDBOXING = YES;
				GCC_C_LANGUAGE_STANDARD = gnu17;
				GCC_NO_COMMON_BLOCKS = YES;
				GCC_WARN_64_TO_32_BIT_CONVERSION = YES;
				GCC_WARN_ABOUT_RETURN_TYPE = YES_ERROR;
				GCC_WARN_UNDECLARED_SELECTOR = YES;
				GCC_WARN_UNINITIALIZED_AUTOS = YES_AGGRESSIVE;
				GCC_WARN_UNUSED_FUNCTION = YES;
				GCC_WARN_UNUSED_VARIABLE = YES;
				IPHONEOS_DEPLOYMENT_TARGET = 18.0;
				LOCALIZATION_PREFERS_STRING_CATALOGS = YES;
				MTL_ENABLE_DEBUG_INFO = NO;
				MTL_FAST_MATH = YES;
				SDKROOT = iphoneos;
				SWIFT_COMPILATION_MODE = wholemodule;
				VALIDATE_PRODUCT = YES;
			};
			name = Release;
		};
		53F793172CDA36E900EE2C5D /* Debug */ = {
			isa = XCBuildConfiguration;
			buildSettings = {
				ASSETCATALOG_COMPILER_APPICON_NAME = AppIcon;
				ASSETCATALOG_COMPILER_GLOBAL_ACCENT_COLOR_NAME = AccentColor;
				CODE_SIGN_STYLE = Automatic;
				CURRENT_PROJECT_VERSION = 2;
				DEVELOPMENT_ASSET_PATHS = "";
				DEVELOPMENT_TEAM = 5GA3WVKYZ6;
				ENABLE_PREVIEWS = YES;
				GENERATE_INFOPLIST_FILE = YES;
				INFOPLIST_KEY_NSCameraUsageDescription = "このアプリでは写真撮影の為にカメラへのアクセスが必要です";
				INFOPLIST_KEY_NSPhotoLibraryAddUsageDescription = "写真を保存するためにフォトライブラリへのアクセスが必要です";
				INFOPLIST_KEY_NSPhotoLibraryUsageDescription = "このアプリでは撮影された写真を保存する為にフォトライブラリへのアクセスが必要です";
				INFOPLIST_KEY_UIApplicationSceneManifest_Generation = YES;
				INFOPLIST_KEY_UIApplicationSupportsIndirectInputEvents = YES;
				INFOPLIST_KEY_UILaunchScreen_Generation = YES;
				INFOPLIST_KEY_UISupportedInterfaceOrientations_iPad = "UIInterfaceOrientationPortrait UIInterfaceOrientationPortraitUpsideDown UIInterfaceOrientationLandscapeLeft UIInterfaceOrientationLandscapeRight";
				INFOPLIST_KEY_UISupportedInterfaceOrientations_iPhone = "UIInterfaceOrientationPortrait UIInterfaceOrientationLandscapeLeft UIInterfaceOrientationLandscapeRight";
				IPHONEOS_DEPLOYMENT_TARGET = 16.6;
				LD_RUNPATH_SEARCH_PATHS = (
					"$(inherited)",
					"@executable_path/Frameworks",
				);
				MARKETING_VERSION = 1.0;
				PRODUCT_BUNDLE_IDENTIFIER = com.silvia.PastelCamera;
				PRODUCT_NAME = "$(TARGET_NAME)";
				SUPPORTED_PLATFORMS = "iphoneos iphonesimulator";
				SUPPORTS_MACCATALYST = NO;
				SUPPORTS_MAC_DESIGNED_FOR_IPHONE_IPAD = NO;
				SUPPORTS_XR_DESIGNED_FOR_IPHONE_IPAD = NO;
				SWIFT_EMIT_LOC_STRINGS = YES;
				SWIFT_VERSION = 5.0;
				TARGETED_DEVICE_FAMILY = 1;
			};
			name = Debug;
		};
		53F793182CDA36E900EE2C5D /* Release */ = {
			isa = XCBuildConfiguration;
			buildSettings = {
				ASSETCATALOG_COMPILER_APPICON_NAME = AppIcon;
				ASSETCATALOG_COMPILER_GLOBAL_ACCENT_COLOR_NAME = AccentColor;
				CODE_SIGN_STYLE = Automatic;
				CURRENT_PROJECT_VERSION = 2;
				DEVELOPMENT_ASSET_PATHS = "";
				DEVELOPMENT_TEAM = 5GA3WVKYZ6;
				ENABLE_PREVIEWS = YES;
				GENERATE_INFOPLIST_FILE = YES;
				INFOPLIST_KEY_NSCameraUsageDescription = "このアプリでは写真撮影の為にカメラへのアクセスが必要です";
				INFOPLIST_KEY_NSPhotoLibraryAddUsageDescription = "写真を保存するためにフォトライブラリへのアクセスが必要です";
				INFOPLIST_KEY_NSPhotoLibraryUsageDescription = "このアプリでは撮影された写真を保存する為にフォトライブラリへのアクセスが必要です";
				INFOPLIST_KEY_UIApplicationSceneManifest_Generation = YES;
				INFOPLIST_KEY_UIApplicationSupportsIndirectInputEvents = YES;
				INFOPLIST_KEY_UILaunchScreen_Generation = YES;
				INFOPLIST_KEY_UISupportedInterfaceOrientations_iPad = "UIInterfaceOrientationPortrait UIInterfaceOrientationPortraitUpsideDown UIInterfaceOrientationLandscapeLeft UIInterfaceOrientationLandscapeRight";
				INFOPLIST_KEY_UISupportedInterfaceOrientations_iPhone = "UIInterfaceOrientationPortrait UIInterfaceOrientationLandscapeLeft UIInterfaceOrientationLandscapeRight";
				IPHONEOS_DEPLOYMENT_TARGET = 16.6;
				LD_RUNPATH_SEARCH_PATHS = (
					"$(inherited)",
					"@executable_path/Frameworks",
				);
				MARKETING_VERSION = 1.0;
				PRODUCT_BUNDLE_IDENTIFIER = com.silvia.PastelCamera;
				PRODUCT_NAME = "$(TARGET_NAME)";
				SUPPORTED_PLATFORMS = "iphoneos iphonesimulator";
				SUPPORTS_MACCATALYST = NO;
				SUPPORTS_MAC_DESIGNED_FOR_IPHONE_IPAD = NO;
				SUPPORTS_XR_DESIGNED_FOR_IPHONE_IPAD = NO;
				SWIFT_EMIT_LOC_STRINGS = YES;
				SWIFT_VERSION = 5.0;
				TARGETED_DEVICE_FAMILY = 1;
			};
			name = Release;
		};
		53F7931A2CDA36E900EE2C5D /* Debug */ = {
			isa = XCBuildConfiguration;
			buildSettings = {
				BUNDLE_LOADER = "$(TEST_HOST)";
				CODE_SIGN_STYLE = Automatic;
				CURRENT_PROJECT_VERSION = 1;
				DEVELOPMENT_TEAM = 5GA3WVKYZ6;
				GENERATE_INFOPLIST_FILE = YES;
				IPHONEOS_DEPLOYMENT_TARGET = 18.0;
				MARKETING_VERSION = 1.0;
				PRODUCT_BUNDLE_IDENTIFIER = com.silvia.PastelCameraTests;
				PRODUCT_NAME = "$(TARGET_NAME)";
				SWIFT_EMIT_LOC_STRINGS = NO;
				SWIFT_VERSION = 5.0;
				TARGETED_DEVICE_FAMILY = "1,2";
				TEST_HOST = "$(BUILT_PRODUCTS_DIR)/PastelCamera.app/$(BUNDLE_EXECUTABLE_FOLDER_PATH)/PastelCamera";
			};
			name = Debug;
		};
		53F7931B2CDA36E900EE2C5D /* Release */ = {
			isa = XCBuildConfiguration;
			buildSettings = {
				BUNDLE_LOADER = "$(TEST_HOST)";
				CODE_SIGN_STYLE = Automatic;
				CURRENT_PROJECT_VERSION = 1;
				DEVELOPMENT_TEAM = 5GA3WVKYZ6;
				GENERATE_INFOPLIST_FILE = YES;
				IPHONEOS_DEPLOYMENT_TARGET = 18.0;
				MARKETING_VERSION = 1.0;
				PRODUCT_BUNDLE_IDENTIFIER = com.silvia.PastelCameraTests;
				PRODUCT_NAME = "$(TARGET_NAME)";
				SWIFT_EMIT_LOC_STRINGS = NO;
				SWIFT_VERSION = 5.0;
				TARGETED_DEVICE_FAMILY = "1,2";
				TEST_HOST = "$(BUILT_PRODUCTS_DIR)/PastelCamera.app/$(BUNDLE_EXECUTABLE_FOLDER_PATH)/PastelCamera";
			};
			name = Release;
		};
		53F7931D2CDA36E900EE2C5D /* Debug */ = {
			isa = XCBuildConfiguration;
			buildSettings = {
				CODE_SIGN_STYLE = Automatic;
				CURRENT_PROJECT_VERSION = 1;
				DEVELOPMENT_TEAM = 5GA3WVKYZ6;
				GENERATE_INFOPLIST_FILE = YES;
				MARKETING_VERSION = 1.0;
				PRODUCT_BUNDLE_IDENTIFIER = com.silvia.PastelCameraUITests;
				PRODUCT_NAME = "$(TARGET_NAME)";
				SWIFT_EMIT_LOC_STRINGS = NO;
				SWIFT_VERSION = 5.0;
				TARGETED_DEVICE_FAMILY = "1,2";
				TEST_TARGET_NAME = PastelCamera;
			};
			name = Debug;
		};
		53F7931E2CDA36E900EE2C5D /* Release */ = {
			isa = XCBuildConfiguration;
			buildSettings = {
				CODE_SIGN_STYLE = Automatic;
				CURRENT_PROJECT_VERSION = 1;
				DEVELOPMENT_TEAM = 5GA3WVKYZ6;
				GENERATE_INFOPLIST_FILE = YES;
				MARKETING_VERSION = 1.0;
				PRODUCT_BUNDLE_IDENTIFIER = com.silvia.PastelCameraUITests;
				PRODUCT_NAME = "$(TARGET_NAME)";
				SWIFT_EMIT_LOC_STRINGS = NO;
				SWIFT_VERSION = 5.0;
				TARGETED_DEVICE_FAMILY = "1,2";
				TEST_TARGET_NAME = PastelCamera;
			};
			name = Release;
		};
/* End XCBuildConfiguration section */

/* Begin XCConfigurationList section */
		53F792ED2CDA36E700EE2C5D /* Build configuration list for PBXProject "PastelCamera" */ = {
			isa = XCConfigurationList;
			buildConfigurations = (
				53F793142CDA36E900EE2C5D /* Debug */,
				53F793152CDA36E900EE2C5D /* Release */,
			);
			defaultConfigurationIsVisible = 0;
			defaultConfigurationName = Release;
		};
		53F793162CDA36E900EE2C5D /* Build configuration list for PBXNativeTarget "PastelCamera" */ = {
			isa = XCConfigurationList;
			buildConfigurations = (
				53F793172CDA36E900EE2C5D /* Debug */,
				53F793182CDA36E900EE2C5D /* Release */,
			);
			defaultConfigurationIsVisible = 0;
			defaultConfigurationName = Release;
		};
		53F793192CDA36E900EE2C5D /* Build configuration list for PBXNativeTarget "PastelCameraTests" */ = {
			isa = XCConfigurationList;
			buildConfigurations = (
				53F7931A2CDA36E900EE2C5D /* Debug */,
				53F7931B2CDA36E900EE2C5D /* Release */,
			);
			defaultConfigurationIsVisible = 0;
			defaultConfigurationName = Release;
		};
		53F7931C2CDA36E900EE2C5D /* Build configuration list for PBXNativeTarget "PastelCameraUITests" */ = {
			isa = XCConfigurationList;
			buildConfigurations = (
				53F7931D2CDA36E900EE2C5D /* Debug */,
				53F7931E2CDA36E900EE2C5D /* Release */,
			);
			defaultConfigurationIsVisible = 0;
			defaultConfigurationName = Release;
		};
/* End XCConfigurationList section */

/* Begin XCRemoteSwiftPackageReference section */
		5366CCCA2D114612003EE081 /* XCRemoteSwiftPackageReference "TOCropViewController" */ = {
			isa = XCRemoteSwiftPackageReference;
			repositoryURL = "https://github.com/TimOliver/TOCropViewController";
			requirement = {
				kind = upToNextMajorVersion;
				minimumVersion = 2.7.4;
			};
		};
/* End XCRemoteSwiftPackageReference section */

/* Begin XCSwiftPackageProductDependency section */
		5366CCCB2D114612003EE081 /* CropViewController */ = {
			isa = XCSwiftPackageProductDependency;
			package = 5366CCCA2D114612003EE081 /* XCRemoteSwiftPackageReference "TOCropViewController" */;
			productName = CropViewController;
		};
		5366CCCD2D114612003EE081 /* TOCropViewController */ = {
			isa = XCSwiftPackageProductDependency;
			package = 5366CCCA2D114612003EE081 /* XCRemoteSwiftPackageReference "TOCropViewController" */;
			productName = TOCropViewController;
		};
/* End XCSwiftPackageProductDependency section */
	};
	rootObject = 53F792EA2CDA36E700EE2C5D /* Project object */;
}
